
Microsoft Visual Studio Solution File, Format Version 12.00
# Visual Studio Version 16
VisualStudioVersion = 25.0.1706.3
MinimumVisualStudioVersion = 10.0.40219.1
Project("{FAE04EC0-301F-11D3-BF4B-00C04F79EFBC}") = "MaoiAuthSystem", "MaoiAuthSystem\MaoiAuthSystem.csproj", "{DEE0371F-C7A7-49DB-9513-F33D20EC022E}"
EndProject
Global
	GlobalSection(SolutionConfigurationPlatforms) = preSolution
		Debug|Any CPU = Debug|Any CPU
		Release|Any CPU = Release|Any CPU
	EndGlobalSection
	GlobalSection(ProjectConfigurationPlatforms) = postSolution
		{DEE0371F-C7A7-49DB-9513-F33D20EC022E}.Debug|Any CPU.ActiveCfg = Debug|Any CPU
		{DEE0371F-C7A7-49DB-9513-F33D20EC022E}.Debug|Any CPU.Build.0 = Debug|Any CPU
		{DEE0371F-C7A7-49DB-9513-F33D20EC022E}.Release|Any CPU.ActiveCfg = Release|Any CPU
		{DEE0371F-C7A7-49DB-9513-F33D20EC022E}.Release|Any CPU.Build.0 = Release|Any CPU
	EndGlobalSection
	GlobalSection(SolutionProperties) = preSolution
		HideSolutionNode = FALSE
	EndGlobalSection
	GlobalSection(ExtensibilityGlobals) = postSolution
		SolutionGuid = {360F7F85-F4D0-44D5-B079-A2F9ABDA83DB}
	EndGlobalSection
EndGlobal
